
Microsoft Visual Studio Solution File, Format Version 12.00
# Visual Studio Version 17
VisualStudioVersion = 17.10.34928.147
MinimumVisualStudioVersion = 10.0.40219.1
Project("{FAE04EC0-301F-11D3-BF4B-00C04F79EFBC}") = "PolarisOrder.Application", "PolarisOrder.Application\PolarisOrder.Application.csproj", "{4E23C511-7C01-42D0-A98A-7DF171BF8329}"
	ProjectSection(ProjectDependencies) = postProject
		{1E223110-4C71-4540-8CED-F388957B0A43} = {1E223110-4C71-4540-8CED-F388957B0A43}
	EndProjectSection
EndProject
Project("{FAE04EC0-301F-11D3-BF4B-00C04F79EFBC}") = "PolarisOrder.Infrastructure", "PolarisOrder.Infrastructure\PolarisOrder.Infrastructure.csproj", "{B42E30C5-C4E9-4288-B781-CE8FBB9692D1}"
EndProject
Project("{FAE04EC0-301F-11D3-BF4B-00C04F79EFBC}") = "PolarisOrder.Domain", "PolarisOrder.Domain\PolarisOrder.Domain.csproj", "{1E223110-4C71-4540-8CED-F388957B0A43}"
EndProject
Project("{FAE04EC0-301F-11D3-BF4B-00C04F79EFBC}") = "PolarisOrder.Api", "PolarisOrder.Api\PolarisOrder.Api.csproj", "{A588FB20-8F76-4FC9-869B-8D5C05235B4A}"
	ProjectSection(ProjectDependencies) = postProject
		{4E23C511-7C01-42D0-A98A-7DF171BF8329} = {4E23C511-7C01-42D0-A98A-7DF171BF8329}
	EndProjectSection
EndProject
Global
	GlobalSection(SolutionConfigurationPlatforms) = preSolution
		Debug|Any CPU = Debug|Any CPU
		Release|Any CPU = Release|Any CPU
	EndGlobalSection
	GlobalSection(ProjectConfigurationPlatforms) = postSolution
		{4E23C511-7C01-42D0-A98A-7DF171BF8329}.Debug|Any CPU.ActiveCfg = Debug|Any CPU
		{4E23C511-7C01-42D0-A98A-7DF171BF8329}.Debug|Any CPU.Build.0 = Debug|Any CPU
		{4E23C511-7C01-42D0-A98A-7DF171BF8329}.Release|Any CPU.ActiveCfg = Release|Any CPU
		{4E23C511-7C01-42D0-A98A-7DF171BF8329}.Release|Any CPU.Build.0 = Release|Any CPU
		{B42E30C5-C4E9-4288-B781-CE8FBB9692D1}.Debug|Any CPU.ActiveCfg = Debug|Any CPU
		{B42E30C5-C4E9-4288-B781-CE8FBB9692D1}.Debug|Any CPU.Build.0 = Debug|Any CPU
		{B42E30C5-C4E9-4288-B781-CE8FBB9692D1}.Release|Any CPU.ActiveCfg = Release|Any CPU
		{B42E30C5-C4E9-4288-B781-CE8FBB9692D1}.Release|Any CPU.Build.0 = Release|Any CPU
		{1E223110-4C71-4540-8CED-F388957B0A43}.Debug|Any CPU.ActiveCfg = Debug|Any CPU
		{1E223110-4C71-4540-8CED-F388957B0A43}.Debug|Any CPU.Build.0 = Debug|Any CPU
		{1E223110-4C71-4540-8CED-F388957B0A43}.Release|Any CPU.ActiveCfg = Release|Any CPU
		{1E223110-4C71-4540-8CED-F388957B0A43}.Release|Any CPU.Build.0 = Release|Any CPU
		{A588FB20-8F76-4FC9-869B-8D5C05235B4A}.Debug|Any CPU.ActiveCfg = Debug|Any CPU
		{A588FB20-8F76-4FC9-869B-8D5C05235B4A}.Debug|Any CPU.Build.0 = Debug|Any CPU
		{A588FB20-8F76-4FC9-869B-8D5C05235B4A}.Release|Any CPU.ActiveCfg = Release|Any CPU
		{A588FB20-8F76-4FC9-869B-8D5C05235B4A}.Release|Any CPU.Build.0 = Release|Any CPU
	EndGlobalSection
	GlobalSection(SolutionProperties) = preSolution
		HideSolutionNode = FALSE
	EndGlobalSection
	GlobalSection(ExtensibilityGlobals) = postSolution
		SolutionGuid = {D15888B1-E658-4FF2-9911-392299A63AD0}
	EndGlobalSection
EndGlobal
